
Microsoft Visual Studio Solution File, Format Version 12.00
# Visual Studio Version 17
VisualStudioVersion = 17.13.35919.96 d17.13
MinimumVisualStudioVersion = 10.0.40219.1
Project("{FAE04EC0-301F-11D3-BF4B-00C04F79EFBC}") = "Online Examination System", "Online Examination System\Online Examination System.csproj", "{D18AAD03-8D6F-499C-B8E0-03664DBB9696}"
EndProject
Global
	GlobalSection(SolutionConfigurationPlatforms) = preSolution
		Debug|Any CPU = Debug|Any CPU
		Release|Any CPU = Release|Any CPU
	EndGlobalSection
	GlobalSection(ProjectConfigurationPlatforms) = postSolution
		{D18AAD03-8D6F-499C-B8E0-03664DBB9696}.Debug|Any CPU.ActiveCfg = Debug|Any CPU
		{D18AAD03-8D6F-499C-B8E0-03664DBB9696}.Debug|Any CPU.Build.0 = Debug|Any CPU
		{D18AAD03-8D6F-499C-B8E0-03664DBB9696}.Release|Any CPU.ActiveCfg = Release|Any CPU
		{D18AAD03-8D6F-499C-B8E0-03664DBB9696}.Release|Any CPU.Build.0 = Release|Any CPU
	EndGlobalSection
	GlobalSection(SolutionProperties) = preSolution
		HideSolutionNode = FALSE
	EndGlobalSection
	GlobalSection(ExtensibilityGlobals) = postSolution
		SolutionGuid = {4B40861E-E034-43AD-94E1-63971590FD03}
	EndGlobalSection
EndGlobal
