
Microsoft Visual Studio Solution File, Format Version 12.00
# Visual Studio Version 16
VisualStudioVersion = 16.0.32802.440
MinimumVisualStudioVersion = 10.0.40219.1
Project("{F14B399A-7131-4C87-9E4B-1186C45EF12D}") = "ExaminationReports", "ExaminationReports.rptproj", "{6D163255-6C47-4A7D-9ED1-364E66445FEB}"
EndProject
Global
	GlobalSection(SolutionConfigurationPlatforms) = preSolution
		Debug|Default = Debug|Default
		DebugLocal|Default = DebugLocal|Default
		Release|Default = Release|Default
	EndGlobalSection
	GlobalSection(ProjectConfigurationPlatforms) = postSolution
		{6D163255-6C47-4A7D-9ED1-364E66445FEB}.Debug|Default.ActiveCfg = Debug
		{6D163255-6C47-4A7D-9ED1-364E66445FEB}.Debug|Default.Build.0 = Debug
		{6D163255-6C47-4A7D-9ED1-364E66445FEB}.Debug|Default.Deploy.0 = Debug
		{6D163255-6C47-4A7D-9ED1-364E66445FEB}.DebugLocal|Default.ActiveCfg = DebugLocal
		{6D163255-6C47-4A7D-9ED1-364E66445FEB}.DebugLocal|Default.Build.0 = DebugLocal
		{6D163255-6C47-4A7D-9ED1-364E66445FEB}.Release|Default.ActiveCfg = Release
		{6D163255-6C47-4A7D-9ED1-364E66445FEB}.Release|Default.Build.0 = Release
		{6D163255-6C47-4A7D-9ED1-364E66445FEB}.Release|Default.Deploy.0 = Release
	EndGlobalSection
	GlobalSection(SolutionProperties) = preSolution
		HideSolutionNode = FALSE
	EndGlobalSection
	GlobalSection(ExtensibilityGlobals) = postSolution
		SolutionGuid = {24859393-67CC-48BB-9105-F948B50F11D6}
	EndGlobalSection
EndGlobal
